Microsoft Visual Studio Solution File, Format Version 12.00
# Visual Studio 2012
Project("{FAE04EC0-301F-11D3-BF4B-00C04F79EFBC}") = "Movement", "Movement.csproj", "{5CE593A1-95B9-4FC5-98A9-48EB66663089}"
EndProject
Global
	GlobalSection(SolutionConfigurationPlatforms) = preSolution
	Debug|Any CPU = Debug|Any CPU
	ExportDebug|Any CPU = ExportDebug|Any CPU
	ExportRelease|Any CPU = ExportRelease|Any CPU
	EndGlobalSection
	GlobalSection(ProjectConfigurationPlatforms) = postSolution
		{5CE593A1-95B9-4FC5-98A9-48EB66663089}.Debug|Any CPU.ActiveCfg = Debug|Any CPU
		{5CE593A1-95B9-4FC5-98A9-48EB66663089}.Debug|Any CPU.Build.0 = Debug|Any CPU
		{5CE593A1-95B9-4FC5-98A9-48EB66663089}.ExportDebug|Any CPU.ActiveCfg = ExportDebug|Any CPU
		{5CE593A1-95B9-4FC5-98A9-48EB66663089}.ExportDebug|Any CPU.Build.0 = ExportDebug|Any CPU
		{5CE593A1-95B9-4FC5-98A9-48EB66663089}.ExportRelease|Any CPU.ActiveCfg = ExportRelease|Any CPU
		{5CE593A1-95B9-4FC5-98A9-48EB66663089}.ExportRelease|Any CPU.Build.0 = ExportRelease|Any CPU
	EndGlobalSection
EndGlobal
